
Microsoft Visual Studio Solution File, Format Version 12.00
# Visual Studio Version 17
VisualStudioVersion = 17.0.31903.59
MinimumVisualStudioVersion = 10.0.40219.1
Project("{FAE04EC0-301F-11D3-BF4B-00C04F79EFBC}") = "Domain", "Domain\Domain.csproj", "{67D54A16-3F5C-4CE1-8EE8-A96F5F3626F4}"
EndProject
Project("{2150E333-8FDC-42A3-9474-1A3956D46DE8}") = "Blog", "Blog", "{3AE420D1-04B7-41A6-B743-EE848459B619}"
EndProject
Project("{2150E333-8FDC-42A3-9474-1A3956D46DE8}") = "Comment", "Comment", "{2922C449-315D-4E79-B1EC-30B94510A597}"
EndProject
Project("{2150E333-8FDC-42A3-9474-1A3956D46DE8}") = "MongoBlogGateway", "MongoBlogGateway", "{117E817E-2074-4E25-A540-354276FB28A2}"
EndProject
Project("{2150E333-8FDC-42A3-9474-1A3956D46DE8}") = "Post", "Post", "{C06AEB72-8E16-4281-92CF-12BA21281EBA}"
EndProject
Project("{2150E333-8FDC-42A3-9474-1A3956D46DE8}") = "User", "User", "{322E7CFA-650B-4E83-9B0D-AD39AE6F3FDE}"
EndProject
Project("{FAE04EC0-301F-11D3-BF4B-00C04F79EFBC}") = "Comment-API", "Comment\Comment-API\Comment-API.csproj", "{3C1DB34F-45A0-48DD-AA04-F51E00B5A83A}"
EndProject
Project("{FAE04EC0-301F-11D3-BF4B-00C04F79EFBC}") = "Comment-Application", "Comment\Comment-Application\Comment-Application.csproj", "{F615A23F-011A-4552-AF0A-4A9D1FD8F00E}"
EndProject
Project("{FAE04EC0-301F-11D3-BF4B-00C04F79EFBC}") = "Comment-Repository", "Comment\Comment-Repository\Comment-Repository.csproj", "{A3F2E7EB-2972-4949-8D4F-E86536036EEA}"
EndProject
Project("{FAE04EC0-301F-11D3-BF4B-00C04F79EFBC}") = "Gateway-API", "MongoBlogGateway\Gateway-API\Gateway-API.csproj", "{29C8B6E4-9212-484A-A625-5D581AFD8686}"
EndProject
Project("{FAE04EC0-301F-11D3-BF4B-00C04F79EFBC}") = "Gateway-Application", "MongoBlogGateway\Gateway-Application\Gateway-Application.csproj", "{20091A63-AB32-4E29-B5E3-BF91B628B394}"
EndProject
Project("{FAE04EC0-301F-11D3-BF4B-00C04F79EFBC}") = "Gateway-Repository", "MongoBlogGateway\Gateway-Repository\Gateway-Repository.csproj", "{1C84F770-9CA0-4C75-B4C3-7452D18E910B}"
EndProject
Project("{FAE04EC0-301F-11D3-BF4B-00C04F79EFBC}") = "Post-API", "Post\Post-API\Post-API.csproj", "{8DC867B5-B66D-46EF-809D-08F313729554}"
EndProject
Project("{FAE04EC0-301F-11D3-BF4B-00C04F79EFBC}") = "Post-Application", "Post\Post-Application\Post-Application.csproj", "{0D13A626-90A4-46D1-9707-62201FA608F4}"
EndProject
Project("{FAE04EC0-301F-11D3-BF4B-00C04F79EFBC}") = "Post-Repository", "Post\Post-Repository\Post-Repository.csproj", "{AE32E03D-159B-4357-8662-6CF5A71D1863}"
EndProject
Project("{FAE04EC0-301F-11D3-BF4B-00C04F79EFBC}") = "User-API", "User\User-API\User-API.csproj", "{EE3396F3-4705-4758-8F4F-769E86C33A15}"
EndProject
Project("{FAE04EC0-301F-11D3-BF4B-00C04F79EFBC}") = "User-Application", "User\User-Application\User-Application.csproj", "{D35546A2-285B-4C0F-B0B8-75663F24F036}"
EndProject
Project("{FAE04EC0-301F-11D3-BF4B-00C04F79EFBC}") = "User-Repository", "User\User-Repository\User-Repository.csproj", "{FFBB3703-F6E1-48AD-B72A-704642B90454}"
EndProject
Project("{FAE04EC0-301F-11D3-BF4B-00C04F79EFBC}") = "Blog-API", "Blog\Blog-API\Blog-API.csproj", "{4C777DB9-17DE-4A83-87B3-FA850481135B}"
EndProject
Project("{FAE04EC0-301F-11D3-BF4B-00C04F79EFBC}") = "Blog-Application", "Blog\Blog-Application\Blog-Application.csproj", "{59569E96-6AA8-4C86-9ADA-34C8A860E1CD}"
EndProject
Project("{FAE04EC0-301F-11D3-BF4B-00C04F79EFBC}") = "Blog-Repository", "Blog\Blog-Repository\Blog-Repository.csproj", "{DD431831-3044-4310-A7AF-E140F3510762}"
EndProject
Global
	GlobalSection(SolutionConfigurationPlatforms) = preSolution
		Debug|Any CPU = Debug|Any CPU
		Release|Any CPU = Release|Any CPU
	EndGlobalSection
	GlobalSection(ProjectConfigurationPlatforms) = postSolution
		{67D54A16-3F5C-4CE1-8EE8-A96F5F3626F4}.Debug|Any CPU.ActiveCfg = Debug|Any CPU
		{67D54A16-3F5C-4CE1-8EE8-A96F5F3626F4}.Debug|Any CPU.Build.0 = Debug|Any CPU
		{67D54A16-3F5C-4CE1-8EE8-A96F5F3626F4}.Release|Any CPU.ActiveCfg = Release|Any CPU
		{67D54A16-3F5C-4CE1-8EE8-A96F5F3626F4}.Release|Any CPU.Build.0 = Release|Any CPU
		{3C1DB34F-45A0-48DD-AA04-F51E00B5A83A}.Debug|Any CPU.ActiveCfg = Debug|Any CPU
		{3C1DB34F-45A0-48DD-AA04-F51E00B5A83A}.Debug|Any CPU.Build.0 = Debug|Any CPU
		{3C1DB34F-45A0-48DD-AA04-F51E00B5A83A}.Release|Any CPU.ActiveCfg = Release|Any CPU
		{3C1DB34F-45A0-48DD-AA04-F51E00B5A83A}.Release|Any CPU.Build.0 = Release|Any CPU
		{F615A23F-011A-4552-AF0A-4A9D1FD8F00E}.Debug|Any CPU.ActiveCfg = Debug|Any CPU
		{F615A23F-011A-4552-AF0A-4A9D1FD8F00E}.Debug|Any CPU.Build.0 = Debug|Any CPU
		{F615A23F-011A-4552-AF0A-4A9D1FD8F00E}.Release|Any CPU.ActiveCfg = Release|Any CPU
		{F615A23F-011A-4552-AF0A-4A9D1FD8F00E}.Release|Any CPU.Build.0 = Release|Any CPU
		{A3F2E7EB-2972-4949-8D4F-E86536036EEA}.Debug|Any CPU.ActiveCfg = Debug|Any CPU
		{A3F2E7EB-2972-4949-8D4F-E86536036EEA}.Debug|Any CPU.Build.0 = Debug|Any CPU
		{A3F2E7EB-2972-4949-8D4F-E86536036EEA}.Release|Any CPU.ActiveCfg = Release|Any CPU
		{A3F2E7EB-2972-4949-8D4F-E86536036EEA}.Release|Any CPU.Build.0 = Release|Any CPU
		{29C8B6E4-9212-484A-A625-5D581AFD8686}.Debug|Any CPU.ActiveCfg = Debug|Any CPU
		{29C8B6E4-9212-484A-A625-5D581AFD8686}.Debug|Any CPU.Build.0 = Debug|Any CPU
		{29C8B6E4-9212-484A-A625-5D581AFD8686}.Release|Any CPU.ActiveCfg = Release|Any CPU
		{29C8B6E4-9212-484A-A625-5D581AFD8686}.Release|Any CPU.Build.0 = Release|Any CPU
		{20091A63-AB32-4E29-B5E3-BF91B628B394}.Debug|Any CPU.ActiveCfg = Debug|Any CPU
		{20091A63-AB32-4E29-B5E3-BF91B628B394}.Debug|Any CPU.Build.0 = Debug|Any CPU
		{20091A63-AB32-4E29-B5E3-BF91B628B394}.Release|Any CPU.ActiveCfg = Release|Any CPU
		{20091A63-AB32-4E29-B5E3-BF91B628B394}.Release|Any CPU.Build.0 = Release|Any CPU
		{1C84F770-9CA0-4C75-B4C3-7452D18E910B}.Debug|Any CPU.ActiveCfg = Debug|Any CPU
		{1C84F770-9CA0-4C75-B4C3-7452D18E910B}.Debug|Any CPU.Build.0 = Debug|Any CPU
		{1C84F770-9CA0-4C75-B4C3-7452D18E910B}.Release|Any CPU.ActiveCfg = Release|Any CPU
		{1C84F770-9CA0-4C75-B4C3-7452D18E910B}.Release|Any CPU.Build.0 = Release|Any CPU
		{8DC867B5-B66D-46EF-809D-08F313729554}.Debug|Any CPU.ActiveCfg = Debug|Any CPU
		{8DC867B5-B66D-46EF-809D-08F313729554}.Debug|Any CPU.Build.0 = Debug|Any CPU
		{8DC867B5-B66D-46EF-809D-08F313729554}.Release|Any CPU.ActiveCfg = Release|Any CPU
		{8DC867B5-B66D-46EF-809D-08F313729554}.Release|Any CPU.Build.0 = Release|Any CPU
		{0D13A626-90A4-46D1-9707-62201FA608F4}.Debug|Any CPU.ActiveCfg = Debug|Any CPU
		{0D13A626-90A4-46D1-9707-62201FA608F4}.Debug|Any CPU.Build.0 = Debug|Any CPU
		{0D13A626-90A4-46D1-9707-62201FA608F4}.Release|Any CPU.ActiveCfg = Release|Any CPU
		{0D13A626-90A4-46D1-9707-62201FA608F4}.Release|Any CPU.Build.0 = Release|Any CPU
		{AE32E03D-159B-4357-8662-6CF5A71D1863}.Debug|Any CPU.ActiveCfg = Debug|Any CPU
		{AE32E03D-159B-4357-8662-6CF5A71D1863}.Debug|Any CPU.Build.0 = Debug|Any CPU
		{AE32E03D-159B-4357-8662-6CF5A71D1863}.Release|Any CPU.ActiveCfg = Release|Any CPU
		{AE32E03D-159B-4357-8662-6CF5A71D1863}.Release|Any CPU.Build.0 = Release|Any CPU
		{EE3396F3-4705-4758-8F4F-769E86C33A15}.Debug|Any CPU.ActiveCfg = Debug|Any CPU
		{EE3396F3-4705-4758-8F4F-769E86C33A15}.Debug|Any CPU.Build.0 = Debug|Any CPU
		{EE3396F3-4705-4758-8F4F-769E86C33A15}.Release|Any CPU.ActiveCfg = Release|Any CPU
		{EE3396F3-4705-4758-8F4F-769E86C33A15}.Release|Any CPU.Build.0 = Release|Any CPU
		{D35546A2-285B-4C0F-B0B8-75663F24F036}.Debug|Any CPU.ActiveCfg = Debug|Any CPU
		{D35546A2-285B-4C0F-B0B8-75663F24F036}.Debug|Any CPU.Build.0 = Debug|Any CPU
		{D35546A2-285B-4C0F-B0B8-75663F24F036}.Release|Any CPU.ActiveCfg = Release|Any CPU
		{D35546A2-285B-4C0F-B0B8-75663F24F036}.Release|Any CPU.Build.0 = Release|Any CPU
		{FFBB3703-F6E1-48AD-B72A-704642B90454}.Debug|Any CPU.ActiveCfg = Debug|Any CPU
		{FFBB3703-F6E1-48AD-B72A-704642B90454}.Debug|Any CPU.Build.0 = Debug|Any CPU
		{FFBB3703-F6E1-48AD-B72A-704642B90454}.Release|Any CPU.ActiveCfg = Release|Any CPU
		{FFBB3703-F6E1-48AD-B72A-704642B90454}.Release|Any CPU.Build.0 = Release|Any CPU
		{4C777DB9-17DE-4A83-87B3-FA850481135B}.Debug|Any CPU.ActiveCfg = Debug|Any CPU
		{4C777DB9-17DE-4A83-87B3-FA850481135B}.Debug|Any CPU.Build.0 = Debug|Any CPU
		{4C777DB9-17DE-4A83-87B3-FA850481135B}.Release|Any CPU.ActiveCfg = Release|Any CPU
		{4C777DB9-17DE-4A83-87B3-FA850481135B}.Release|Any CPU.Build.0 = Release|Any CPU
		{59569E96-6AA8-4C86-9ADA-34C8A860E1CD}.Debug|Any CPU.ActiveCfg = Debug|Any CPU
		{59569E96-6AA8-4C86-9ADA-34C8A860E1CD}.Debug|Any CPU.Build.0 = Debug|Any CPU
		{59569E96-6AA8-4C86-9ADA-34C8A860E1CD}.Release|Any CPU.ActiveCfg = Release|Any CPU
		{59569E96-6AA8-4C86-9ADA-34C8A860E1CD}.Release|Any CPU.Build.0 = Release|Any CPU
		{DD431831-3044-4310-A7AF-E140F3510762}.Debug|Any CPU.ActiveCfg = Debug|Any CPU
		{DD431831-3044-4310-A7AF-E140F3510762}.Debug|Any CPU.Build.0 = Debug|Any CPU
		{DD431831-3044-4310-A7AF-E140F3510762}.Release|Any CPU.ActiveCfg = Release|Any CPU
		{DD431831-3044-4310-A7AF-E140F3510762}.Release|Any CPU.Build.0 = Release|Any CPU
	EndGlobalSection
	GlobalSection(SolutionProperties) = preSolution
		HideSolutionNode = FALSE
	EndGlobalSection
	GlobalSection(NestedProjects) = preSolution
		{3C1DB34F-45A0-48DD-AA04-F51E00B5A83A} = {2922C449-315D-4E79-B1EC-30B94510A597}
		{F615A23F-011A-4552-AF0A-4A9D1FD8F00E} = {2922C449-315D-4E79-B1EC-30B94510A597}
		{A3F2E7EB-2972-4949-8D4F-E86536036EEA} = {2922C449-315D-4E79-B1EC-30B94510A597}
		{29C8B6E4-9212-484A-A625-5D581AFD8686} = {117E817E-2074-4E25-A540-354276FB28A2}
		{20091A63-AB32-4E29-B5E3-BF91B628B394} = {117E817E-2074-4E25-A540-354276FB28A2}
		{1C84F770-9CA0-4C75-B4C3-7452D18E910B} = {117E817E-2074-4E25-A540-354276FB28A2}
		{8DC867B5-B66D-46EF-809D-08F313729554} = {C06AEB72-8E16-4281-92CF-12BA21281EBA}
		{0D13A626-90A4-46D1-9707-62201FA608F4} = {C06AEB72-8E16-4281-92CF-12BA21281EBA}
		{AE32E03D-159B-4357-8662-6CF5A71D1863} = {C06AEB72-8E16-4281-92CF-12BA21281EBA}
		{EE3396F3-4705-4758-8F4F-769E86C33A15} = {322E7CFA-650B-4E83-9B0D-AD39AE6F3FDE}
		{D35546A2-285B-4C0F-B0B8-75663F24F036} = {322E7CFA-650B-4E83-9B0D-AD39AE6F3FDE}
		{FFBB3703-F6E1-48AD-B72A-704642B90454} = {322E7CFA-650B-4E83-9B0D-AD39AE6F3FDE}
		{4C777DB9-17DE-4A83-87B3-FA850481135B} = {3AE420D1-04B7-41A6-B743-EE848459B619}
		{59569E96-6AA8-4C86-9ADA-34C8A860E1CD} = {3AE420D1-04B7-41A6-B743-EE848459B619}
		{DD431831-3044-4310-A7AF-E140F3510762} = {3AE420D1-04B7-41A6-B743-EE848459B619}
	EndGlobalSection
EndGlobal
